
Microsoft Visual Studio Solution File, Format Version 12.00
# Visual Studio Version 16
VisualStudioVersion = 16.0.29609.76
MinimumVisualStudioVersion = 10.0.40219.1
Project("{FAE04EC0-301F-11D3-BF4B-00C04F79EFBC}") = "Vividly", "Vividly\Vividly.csproj", "{43405342-9A27-46E0-9F42-B6C5E4D1688F}"
EndProject
Global
	GlobalSection(SolutionConfigurationPlatforms) = preSolution
		Debug|Any CPU = Debug|Any CPU
		Release|Any CPU = Release|Any CPU
	EndGlobalSection
	GlobalSection(ProjectConfigurationPlatforms) = postSolution
		{43405342-9A27-46E0-9F42-B6C5E4D1688F}.Debug|Any CPU.ActiveCfg = Debug|Any CPU
		{43405342-9A27-46E0-9F42-B6C5E4D1688F}.Debug|Any CPU.Build.0 = Debug|Any CPU
		{43405342-9A27-46E0-9F42-B6C5E4D1688F}.Release|Any CPU.ActiveCfg = Release|Any CPU
		{43405342-9A27-46E0-9F42-B6C5E4D1688F}.Release|Any CPU.Build.0 = Release|Any CPU
	EndGlobalSection
	GlobalSection(SolutionProperties) = preSolution
		HideSolutionNode = FALSE
	EndGlobalSection
	GlobalSection(ExtensibilityGlobals) = postSolution
		SolutionGuid = {531ADDAD-B232-4B31-A775-E543A320D5A3}
	EndGlobalSection
EndGlobal
